// !$*UTF8*$!
{
	archiveVersion = 1;
	classes = {
	};
	objectVersion = 50;
	objects = {

/* Begin PBXBuildFile section */
		172AB852246180CC007F686A /* AppDelegate.swift in Sources */ = {isa = PBXBuildFile; fileRef = 172AB851246180CC007F686A /* AppDelegate.swift */; };
		172AB854246180CC007F686A /* SceneDelegate.swift in Sources */ = {isa = PBXBuildFile; fileRef = 172AB853246180CC007F686A /* SceneDelegate.swift */; };
		172AB856246180CC007F686A /* ContentView.swift in Sources */ = {isa = PBXBuildFile; fileRef = 172AB855246180CC007F686A /* ContentView.swift */; };
		172AB858246180CE007F686A /* Assets.xcassets in Resources */ = {isa = PBXBuildFile; fileRef = 172AB857246180CE007F686A /* Assets.xcassets */; };
		172AB85B246180CE007F686A /* Preview Assets.xcassets in Resources */ = {isa = PBXBuildFile; fileRef = 172AB85A246180CE007F686A /* Preview Assets.xcassets */; };
		172AB85E246180CE007F686A /* LaunchScreen.storyboard in Resources */ = {isa = PBXBuildFile; fileRef = 172AB85C246180CE007F686A /* LaunchScreen.storyboard */; };
		172AB866246181BF007F686A /* Dummyfile.swift in Sources */ = {isa = PBXBuildFile; fileRef = 172AB865246181BF007F686A /* Dummyfile.swift */; };
/* End PBXBuildFile section */

/* Begin PBXFileReference section */
		172AB84E246180CC007F686A /* DangerTest.app */ = {isa = PBXFileReference; explicitFileType = wrapper.application; includeInIndex = 0; path = DangerTest.app; sourceTree = BUILT_PRODUCTS_DIR; };
		172AB851246180CC007F686A /* AppDelegate.swift */ = {isa = PBXFileReference; lastKnownFileType = sourcecode.swift; path = AppDelegate.swift; sourceTree = "<group>"; };
		172AB853246180CC007F686A /* SceneDelegate.swift */ = {isa = PBXFileReference; lastKnownFileType = sourcecode.swift; path = SceneDelegate.swift; sourceTree = "<group>"; };
		172AB855246180CC007F686A /* ContentView.swift */ = {isa = PBXFileReference; lastKnownFileType = sourcecode.swift; path = ContentView.swift; sourceTree = "<group>"; };
		172AB857246180CE007F686A /* Assets.xcassets */ = {isa = PBXFileReference; lastKnownFileType = folder.assetcatalog; path = Assets.xcassets; sourceTree = "<group>"; };
		172AB85A246180CE007F686A /* Preview Assets.xcassets */ = {isa = PBXFileReference; lastKnownFileType = folder.assetcatalog; path = "Preview Assets.xcassets"; sourceTree = "<group>"; };
		172AB85D246180CE007F686A /* Base */ = {isa = PBXFileReference; lastKnownFileType = file.storyboard; name = Base; path = Base.lproj/LaunchScreen.storyboard; sourceTree = "<group>"; };
		172AB85F246180CE007F686A /* Info.plist */ = {isa = PBXFileReference; lastKnownFileType = text.plist.xml; path = Info.plist; sourceTree = "<group>"; };
		172AB865246181BF007F686A /* Dummyfile.swift */ = {isa = PBXFileReference; lastKnownFileType = sourcecode.swift; path = Dummyfile.swift; sourceTree = "<group>"; };
/* End PBXFileReference section */

/* Begin PBXFrameworksBuildPhase section */
		172AB84B246180CC007F686A /* Frameworks */ = {
			isa = PBXFrameworksBuildPhase;
			buildActionMask = 2147483647;
			files = (
			);
			runOnlyForDeploymentPostprocessing = 0;
		};
/* End PBXFrameworksBuildPhase section */

/* Begin PBXGroup section */
		172AB845246180CC007F686A = {
			isa = PBXGroup;
			children = (
				172AB850246180CC007F686A /* DangerTest */,
				172AB84F246180CC007F686A /* Products */,
			);
			sourceTree = "<group>";
		};
		172AB84F246180CC007F686A /* Products */ = {
			isa = PBXGroup;
			children = (
				172AB84E246180CC007F686A /* DangerTest.app */,
			);
			name = Products;
			sourceTree = "<group>";
		};
		172AB850246180CC007F686A /* DangerTest */ = {
			isa = PBXGroup;
			children = (
				172AB851246180CC007F686A /* AppDelegate.swift */,
				172AB853246180CC007F686A /* SceneDelegate.swift */,
				172AB855246180CC007F686A /* ContentView.swift */,
				172AB865246181BF007F686A /* Dummyfile.swift */,
				172AB857246180CE007F686A /* Assets.xcassets */,
				172AB85C246180CE007F686A /* LaunchScreen.storyboard */,
				172AB85F246180CE007F686A /* Info.plist */,
				172AB859246180CE007F686A /* Preview Content */,
			);
			path = DangerTest;
			sourceTree = "<group>";
		};
		172AB859246180CE007F686A /* Preview Content */ = {
			isa = PBXGroup;
			children = (
				172AB85A246180CE007F686A /* Preview Assets.xcassets */,
			);
			path = "Preview Content";
			sourceTree = "<group>";
		};
/* End PBXGroup section */

/* Begin PBXNativeTarget section */
		172AB84D246180CC007F686A /* DangerTest */ = {
			isa = PBXNativeTarget;
			buildConfigurationList = 172AB862246180CE007F686A /* Build configuration list for PBXNativeTarget "DangerTest" */;
			buildPhases = (
				172AB84A246180CC007F686A /* Sources */,
				172AB84B246180CC007F686A /* Frameworks */,
				172AB84C246180CC007F686A /* Resources */,
			);
			buildRules = (
			);
			dependencies = (
			);
			name = DangerTest;
			productName = DangerTest;
			productReference = 172AB84E246180CC007F686A /* DangerTest.app */;
			productType = "com.apple.product-type.application";
		};
/* End PBXNativeTarget section */

/* Begin PBXProject section */
		172AB846246180CC007F686A /* Project object */ = {
			isa = PBXProject;
			attributes = {
				LastSwiftUpdateCheck = 1140;
				LastUpgradeCheck = 1140;
				ORGANIZATIONNAME = Self;
				TargetAttributes = {
					172AB84D246180CC007F686A = {
						CreatedOnToolsVersion = 11.4.1;
					};
				};
			};
			buildConfigurationList = 172AB849246180CC007F686A /* Build configuration list for PBXProject "DangerTest" */;
			compatibilityVersion = "Xcode 9.3";
			developmentRegion = en;
			hasScannedForEncodings = 0;
			knownRegions = (
				en,
				Base,
			);
			mainGroup = 172AB845246180CC007F686A;
			productRefGroup = 172AB84F246180CC007F686A /* Products */;
			projectDirPath = "";
			projectRoot = "";
			targets = (
				172AB84D246180CC007F686A /* DangerTest */,
			);
		};
/* End PBXProject section */

/* Begin PBXResourcesBuildPhase section */
		172AB84C246180CC007F686A /* Resources */ = {
			isa = PBXResourcesBuildPhase;
			buildActionMask = 2147483647;
			files = (
				172AB85E246180CE007F686A /* LaunchScreen.storyboard in Resources */,
				172AB85B246180CE007F686A /* Preview Assets.xcassets in Resources */,
				172AB858246180CE007F686A /* Assets.xcassets in Resources */,
			);
			runOnlyForDeploymentPostprocessing = 0;
		};
/* End PBXResourcesBuildPhase section */

/* Begin PBXSourcesBuildPhase section */
		172AB84A246180CC007F686A /* Sources */ = {
			isa = PBXSourcesBuildPhase;
			buildActionMask = 2147483647;
			files = (
				172AB852246180CC007F686A /* AppDelegate.swift in Sources */,
				172AB854246180CC007F686A /* SceneDelegate.swift in Sources */,
				172AB866246181BF007F686A /* Dummyfile.swift in Sources */,
				172AB856246180CC007F686A /* ContentView.swift in Sources */,
			);
			runOnlyForDeploymentPostprocessing = 0;
		};
/* End PBXSourcesBuildPhase section */

/* Begin PBXVariantGroup section */
		172AB85C246180CE007F686A /* LaunchScreen.storyboard */ = {
			isa = PBXVariantGroup;
			children = (
				172AB85D246180CE007F686A /* Base */,
			);
			name = LaunchScreen.storyboard;
			sourceTree = "<group>";
		};
/* End PBXVariantGroup section */

/* Begin XCBuildConfiguration section */
		172AB860246180CE007F686A /* Debug */ = {
			isa = XCBuildConfiguration;
			buildSettings = {
				ALWAYS_SEARCH_USER_PATHS = NO;
				CLANG_ANALYZER_NONNULL = YES;
				CLANG_ANALYZER_NUMBER_OBJECT_CONVERSION = YES_AGGRESSIVE;
				CLANG_CXX_LANGUAGE_STANDARD = "gnu++14";
				CLANG_CXX_LIBRARY = "libc++";
				CLANG_ENABLE_MODULES = YES;
				CLANG_ENABLE_OBJC_ARC = YES;
				CLANG_ENABLE_OBJC_WEAK = YES;
				CLANG_WARN_BLOCK_CAPTURE_AUTORELEASING = YES;
				CLANG_WARN_BOOL_CONVERSION = YES;
				CLANG_WARN_COMMA = YES;
				CLANG_WARN_CONSTANT_CONVERSION = YES;
				CLANG_WARN_DEPRECATED_OBJC_IMPLEMENTATIONS = YES;
				CLANG_WARN_DIRECT_OBJC_ISA_USAGE = YES_ERROR;
				CLANG_WARN_DOCUMENTATION_COMMENTS = YES;
				CLANG_WARN_EMPTY_BODY = YES;
				CLANG_WARN_ENUM_CONVERSION = YES;
				CLANG_WARN_INFINITE_RECURSION = YES;
				CLANG_WARN_INT_CONVERSION = YES;
				CLANG_WARN_NON_LITERAL_NULL_CONVERSION = YES;
				CLANG_WARN_OBJC_IMPLICIT_RETAIN_SELF = YES;
				CLANG_WARN_OBJC_LITERAL_CONVERSION = YES;
				CLANG_WARN_OBJC_ROOT_CLASS = YES_ERROR;
				CLANG_WARN_RANGE_LOOP_ANALYSIS = YES;
				CLANG_WARN_STRICT_PROTOTYPES = YES;
				CLANG_WARN_SUSPICIOUS_MOVE = YES;
				CLANG_WARN_UNGUARDED_AVAILABILITY = YES_AGGRESSIVE;
				CLANG_WARN_UNREACHABLE_CODE = YES;
				CLANG_WARN__DUPLICATE_METHOD_MATCH = YES;
				COPY_PHASE_STRIP = NO;
				DEBUG_INFORMATION_FORMAT = dwarf;
				ENABLE_STRICT_OBJC_MSGSEND = YES;
				ENABLE_TESTABILITY = YES;
				GCC_C_LANGUAGE_STANDARD = gnu11;
				GCC_DYNAMIC_NO_PIC = NO;
				GCC_NO_COMMON_BLOCKS = YES;
				GCC_OPTIMIZATION_LEVEL = 0;
				GCC_PREPROCESSOR_DEFINITIONS = (
					"DEBUG=1",
					"$(inherited)",
				);
				GCC_WARN_64_TO_32_BIT_CONVERSION = YES;
				GCC_WARN_ABOUT_RETURN_TYPE = YES_ERROR;
				GCC_WARN_UNDECLARED_SELECTOR = YES;
				GCC_WARN_UNINITIALIZED_AUTOS = YES_AGGRESSIVE;
				GCC_WARN_UNUSED_FUNCTION = YES;
				GCC_WARN_UNUSED_VARIABLE = YES;
				IPHONEOS_DEPLOYMENT_TARGET = 13.4;
				MTL_ENABLE_DEBUG_INFO = INCLUDE_SOURCE;
				MTL_FAST_MATH = YES;
				ONLY_ACTIVE_ARCH = YES;
				SDKROOT = iphoneos;
				SWIFT_ACTIVE_COMPILATION_CONDITIONS = DEBUG;
				SWIFT_OPTIMIZATION_LEVEL = "-Onone";
			};
			name = Debug;
		};
		172AB861246180CE007F686A /* Release */ = {
			isa = XCBuildConfiguration;
			buildSettings = {
				ALWAYS_SEARCH_USER_PATHS = NO;
				CLANG_ANALYZER_NONNULL = YES;
				CLANG_ANALYZER_NUMBER_OBJECT_CONVERSION = YES_AGGRESSIVE;
				CLANG_CXX_LANGUAGE_STANDARD = "gnu++14";
				CLANG_CXX_LIBRARY = "libc++";
				CLANG_ENABLE_MODULES = YES;
				CLANG_ENABLE_OBJC_ARC = YES;
				CLANG_ENABLE_OBJC_WEAK = YES;
				CLANG_WARN_BLOCK_CAPTURE_AUTORELEASING = YES;
				CLANG_WARN_BOOL_CONVERSION = YES;
				CLANG_WARN_COMMA = YES;
				CLANG_WARN_CONSTANT_CONVERSION = YES;
				CLANG_WARN_DEPRECATED_OBJC_IMPLEMENTATIONS = YES;
				CLANG_WARN_DIRECT_OBJC_ISA_USAGE = YES_ERROR;
				CLANG_WARN_DOCUMENTATION_COMMENTS = YES;
				CLANG_WARN_EMPTY_BODY = YES;
				CLANG_WARN_ENUM_CONVERSION = YES;
				CLANG_WARN_INFINITE_RECURSION = YES;
				CLANG_WARN_INT_CONVERSION = YES;
				CLANG_WARN_NON_LITERAL_NULL_CONVERSION = YES;
				CLANG_WARN_OBJC_IMPLICIT_RETAIN_SELF = YES;
				CLANG_WARN_OBJC_LITERAL_CONVERSION = YES;
				CLANG_WARN_OBJC_ROOT_CLASS = YES_ERROR;
				CLANG_WARN_RANGE_LOOP_ANALYSIS = YES;
				CLANG_WARN_STRICT_PROTOTYPES = YES;
				CLANG_WARN_SUSPICIOUS_MOVE = YES;
				CLANG_WARN_UNGUARDED_AVAILABILITY = YES_AGGRESSIVE;
				CLANG_WARN_UNREACHABLE_CODE = YES;
				CLANG_WARN__DUPLICATE_METHOD_MATCH = YES;
				COPY_PHASE_STRIP = NO;
				DEBUG_INFORMATION_FORMAT = "dwarf-with-dsym";
				ENABLE_NS_ASSERTIONS = NO;
				ENABLE_STRICT_OBJC_MSGSEND = YES;
				GCC_C_LANGUAGE_STANDARD = gnu11;
				GCC_NO_COMMON_BLOCKS = YES;
				GCC_WARN_64_TO_32_BIT_CONVERSION = YES;
				GCC_WARN_ABOUT_RETURN_TYPE = YES_ERROR;
				GCC_WARN_UNDECLARED_SELECTOR = YES;
				GCC_WARN_UNINITIALIZED_AUTOS = YES_AGGRESSIVE;
				GCC_WARN_UNUSED_FUNCTION = YES;
				GCC_WARN_UNUSED_VARIABLE = YES;
				IPHONEOS_DEPLOYMENT_TARGET = 13.4;
				MTL_ENABLE_DEBUG_INFO = NO;
				MTL_FAST_MATH = YES;
				SDKROOT = iphoneos;
				SWIFT_COMPILATION_MODE = wholemodule;
				SWIFT_OPTIMIZATION_LEVEL = "-O";
				VALIDATE_PRODUCT = YES;
			};
			name = Release;
		};
		172AB863246180CE007F686A /* Debug */ = {
			isa = XCBuildConfiguration;
			buildSettings = {
				ASSETCATALOG_COMPILER_APPICON_NAME = AppIcon;
				CODE_SIGN_STYLE = Automatic;
				DEVELOPMENT_ASSET_PATHS = "\"DangerTest/Preview Content\"";
				DEVELOPMENT_TEAM = 5EU84764M5;
				ENABLE_PREVIEWS = YES;
				INFOPLIST_FILE = DangerTest/Info.plist;
				LD_RUNPATH_SEARCH_PATHS = (
					"$(inherited)",
					"@executable_path/Frameworks",
				);
				PRODUCT_BUNDLE_IDENTIFIER = dev.angelostavrow.DangerTest;
				PRODUCT_NAME = "$(TARGET_NAME)";
				SWIFT_VERSION = 5.0;
				TARGETED_DEVICE_FAMILY = "1,2";
			};
			name = Debug;
		};
		172AB864246180CE007F686A /* Release */ = {
			isa = XCBuildConfiguration;
			buildSettings = {
				ASSETCATALOG_COMPILER_APPICON_NAME = AppIcon;
				CODE_SIGN_STYLE = Automatic;
				DEVELOPMENT_ASSET_PATHS = "\"DangerTest/Preview Content\"";
				DEVELOPMENT_TEAM = 5EU84764M5;
				ENABLE_PREVIEWS = YES;
				INFOPLIST_FILE = DangerTest/Info.plist;
				LD_RUNPATH_SEARCH_PATHS = (
					"$(inherited)",
					"@executable_path/Frameworks",
				);
				PRODUCT_BUNDLE_IDENTIFIER = dev.angelostavrow.DangerTest;
				PRODUCT_NAME = "$(TARGET_NAME)";
				SWIFT_VERSION = 5.0;
				TARGETED_DEVICE_FAMILY = "1,2";
			};
			name = Release;
		};
/* End XCBuildConfiguration section */

/* Begin XCConfigurationList section */
		172AB849246180CC007F686A /* Build configuration list for PBXProject "DangerTest" */ = {
			isa = XCConfigurationList;
			buildConfigurations = (
				172AB860246180CE007F686A /* Debug */,
				172AB861246180CE007F686A /* Release */,
			);
			defaultConfigurationIsVisible = 0;
			defaultConfigurationName = Release;
		};
		172AB862246180CE007F686A /* Build configuration list for PBXNativeTarget "DangerTest" */ = {
			isa = XCConfigurationList;
			buildConfigurations = (
				172AB863246180CE007F686A /* Debug */,
				172AB864246180CE007F686A /* Release */,
			);
			defaultConfigurationIsVisible = 0;
			defaultConfigurationName = Release;
		};
/* End XCConfigurationList section */
	};
	rootObject = 172AB846246180CC007F686A /* Project object */;
}
